
Microsoft Visual Studio Solution File, Format Version 12.00
# Visual Studio Version 17
VisualStudioVersion = 17.2.32616.157
MinimumVisualStudioVersion = 10.0.40219.1
Project("{9A19103F-16F7-4668-BE54-9A1E7A4F7556}") = "TCPShim", "TCPShim\TCPShim.csproj", "{178DF278-963B-4EB1-9DD3-B42224F78BD3}"
EndProject
Global
	GlobalSection(SolutionConfigurationPlatforms) = preSolution
		Debug|Any CPU = Debug|Any CPU
		Release|Any CPU = Release|Any CPU
	EndGlobalSection
	GlobalSection(ProjectConfigurationPlatforms) = postSolution
		{178DF278-963B-4EB1-9DD3-B42224F78BD3}.Debug|Any CPU.ActiveCfg = Debug|Any CPU
		{178DF278-963B-4EB1-9DD3-B42224F78BD3}.Debug|Any CPU.Build.0 = Debug|Any CPU
		{178DF278-963B-4EB1-9DD3-B42224F78BD3}.Release|Any CPU.ActiveCfg = Release|Any CPU
		{178DF278-963B-4EB1-9DD3-B42224F78BD3}.Release|Any CPU.Build.0 = Release|Any CPU
	EndGlobalSection
	GlobalSection(SolutionProperties) = preSolution
		HideSolutionNode = FALSE
	EndGlobalSection
	GlobalSection(ExtensibilityGlobals) = postSolution
		SolutionGuid = {6ADEDB37-A556-45F4-AFBB-3F9640069C26}
	EndGlobalSection
EndGlobal
